{
  "name": "next-basic",
  "version": "0.1.0",
  "lockfileVersion": 1,
  "requires": true,
  "dependencies": {
    "@next/env": {
      "version": "13.2.2",
      "resolved": "https://registry.npmjs.org/@next/env/-/env-13.2.2.tgz",
      "integrity": "sha512-sBcFEJS8j2cNQemYy07TKUd8lSWj3/mzFA4GCTr/4T4LfYiw5Ep+PZ06AuFdR3z+jIZt9YqaXwUYi1J4p4yABQ=="
    },
    "@next/swc-android-arm-eabi": {
      "version": "13.2.2",
      "resolved": "https://registry.npmjs.org/@next/swc-android-arm-eabi/-/swc-android-arm-eabi-13.2.2.tgz",
      "integrity": "sha512-JHTnsNTl9gDQkWqggJFj6rQHK2+9lIMGolOPihfZBQAE48amVsGkYyFHbiuWnhwnYX99fCFWomARDwOtLAhzdQ==",
      "optional": true
    },
    "@next/swc-android-arm64": {
      "version": "13.2.2",
      "resolved": "https://registry.npmjs.org/@next/swc-android-arm64/-/swc-android-arm64-13.2.2.tgz",
      "integrity": "sha512-j3zfjrojWuejU7bjucwBFviN9hQkQ1HqRVYMp8PDX82LXMc2pV4uZ3e9jQ8qk3OWsA1m+luaBK8o46NvS/Tetg==",
      "optional": true
    },
    "@next/swc-darwin-arm64": {
      "version": "13.2.2",
      "resolved": "https://registry.npmjs.org/@next/swc-darwin-arm64/-/swc-darwin-arm64-13.2.2.tgz",
      "integrity": "sha512-X66dKAq6IBmkirnsWyvncJ9i3kWkE2WrRbXGoFoEPNoyjgtV2qyLyk4ET9JIS0TJ2u01qODML6j4pKeqK8rNLA==",
      "optional": true
    },
    "@next/swc-darwin-x64": {
      "version": "13.2.2",
      "resolved": "https://registry.npmjs.org/@next/swc-darwin-x64/-/swc-darwin-x64-13.2.2.tgz",
      "integrity": "sha512-jsJKzVLlCNrG/Ot9Owv8QWUymAyS+Hcf/KQsXOYtL6PgvGqBMJ931SdaBpLOuyRD+sozTIRiAPCDwVgF/62PBQ==",
      "optional": true
    },
    "@next/swc-freebsd-x64": {
      "version": "13.2.2",
      "resolved": "https://registry.npmjs.org/@next/swc-freebsd-x64/-/swc-freebsd-x64-13.2.2.tgz",
      "integrity": "sha512-oToMAjhdGWSgSOimKJ9GwPxOqoBIbbVUKoFGP5Imy5UGbbsnyV2jSLGhoi2/dH1Ko5X5d1R1la/X05xNB/p6ag==",
      "optional": true
    },
    "@next/swc-linux-arm-gnueabihf": {
      "version": "13.2.2",
      "resolved": "https://registry.npmjs.org/@next/swc-linux-arm-gnueabihf/-/swc-linux-arm-gnueabihf-13.2.2.tgz",
      "integrity": "sha512-DSgXP2kkLt+oM3fRWaa2xPAUmtTnoa+GBfV5Czbgv4htY1BKClobp7Bj909TZUswvxXJtXiW8GrJp2To5lQfmw==",
      "optional": true
    },
    "@next/swc-linux-arm64-gnu": {
      "version": "13.2.2",
      "resolved": "https://registry.npmjs.org/@next/swc-linux-arm64-gnu/-/swc-linux-arm64-gnu-13.2.2.tgz",
      "integrity": "sha512-HR1Nf7kz5NmijCiArJTz4bjJlbWyPA3JQ3SbxnPXDMPUkECBG1p0z6y2N2+oqNouMyOriNR6TSEgh7F2tASdZg==",
      "optional": true
    },
    "@next/swc-linux-arm64-musl": {
      "version": "13.2.2",
      "resolved": "https://registry.npmjs.org/@next/swc-linux-arm64-musl/-/swc-linux-arm64-musl-13.2.2.tgz",
      "integrity": "sha512-hDf08/yPZisKQ19lMHkVuQUmipmSq9QPzFmNDcV7e4QazTbIRwCC8J605EHedg+RGHS78CUwVhGQoQ2mbQ5y3w==",
      "optional": true
    },
    "@next/swc-linux-x64-gnu": {
      "version": "13.2.2",
      "resolved": "https://registry.npmjs.org/@next/swc-linux-x64-gnu/-/swc-linux-x64-gnu-13.2.2.tgz",
      "integrity": "sha512-9QeTU1YVhQXoVUOBXErJoExZR3XTovplMCTwB+RAtHu3oUGGs4KQFY8MoFUOmMA7CAJnKS+h1MD1T9/HDpS9PQ==",
      "optional": true
    },
    "@next/swc-linux-x64-musl": {
      "version": "13.2.2",
      "resolved": "https://registry.npmjs.org/@next/swc-linux-x64-musl/-/swc-linux-x64-musl-13.2.2.tgz",
      "integrity": "sha512-SvyejahQLY79YJFXU27AcoDbmRqdK08t7HAf5LmocLdR5fxIneg7Oim/pwcuS/w8pYqDSAiCiMO0AAxSfO5jZQ==",
      "optional": true
    },
    "@next/swc-win32-arm64-msvc": {
      "version": "13.2.2",
      "resolved": "https://registry.npmjs.org/@next/swc-win32-arm64-msvc/-/swc-win32-arm64-msvc-13.2.2.tgz",
      "integrity": "sha512-Av46kUBp1qtJdk/HrIHZMIARE+jcMSJLHcrs/MkbHR1p4iEXf3JkZRrdQDUKZaz/VHDYc7Qw+vUv7zmgPZJbmw==",
      "optional": true
    },
    "@next/swc-win32-ia32-msvc": {
      "version": "13.2.2",
      "resolved": "https://registry.npmjs.org/@next/swc-win32-ia32-msvc/-/swc-win32-ia32-msvc-13.2.2.tgz",
      "integrity": "sha512-6HvAJY7yYfU+Ast3GPM8O+BsLGAdhZV0qUwHerJo5+Yzzx0VXW+OZTJ9O6RU01HBiMiqdz7SF3Or4Vca6WZKkQ==",
      "optional": true
    },
    "@next/swc-win32-x64-msvc": {
      "version": "13.2.2",
      "resolved": "https://registry.npmjs.org/@next/swc-win32-x64-msvc/-/swc-win32-x64-msvc-13.2.2.tgz",
      "integrity": "sha512-7oNoiepUMf43+/4kUdpeGGkEBd3bOQwzo4O+bq/jslHb1IrQ7b8ZF1ODQyrDd661um6q5D+0sOtyRZJpo8e1jQ==",
      "optional": true
    },
    "@swc/helpers": {
      "version": "0.4.14",
      "resolved": "https://registry.npmjs.org/@swc/helpers/-/helpers-0.4.14.tgz",
      "integrity": "sha512-4C7nX/dvpzB7za4Ql9K81xK3HPxCpHMgwTZVyf+9JQ6VUbn9jjZVN7/Nkdz/Ugzs2CSjqnL/UPXroiVBVHUWUw==",
      "requires": {
        "tslib": "^2.4.0"
      }
    },
    "caniuse-lite": {
      "version": "1.0.30001458",
      "resolved": "https://registry.npmjs.org/caniuse-lite/-/caniuse-lite-1.0.30001458.tgz",
      "integrity": "sha512-lQ1VlUUq5q9ro9X+5gOEyH7i3vm+AYVT1WDCVB69XOZ17KZRhnZ9J0Sqz7wTHQaLBJccNCHq8/Ww5LlOIZbB0w=="
    },
    "client-only": {
      "version": "0.0.1",
      "resolved": "https://registry.npmjs.org/client-only/-/client-only-0.0.1.tgz",
      "integrity": "sha512-IV3Ou0jSMzZrd3pZ48nLkT9DA7Ag1pnPzaiQhpW7c3RbcqqzvzzVu+L8gfqMp/8IM2MQtSiqaCxrrcfu8I8rMA=="
    },
    "js-tokens": {
      "version": "4.0.0",
      "resolved": "https://registry.npmjs.org/js-tokens/-/js-tokens-4.0.0.tgz",
      "integrity": "sha512-RdJUflcE3cUzKiMqQgsCu06FPu9UdIJO0beYbPhHN4k6apgJtifcoCtT9bcxOpYBtpD2kCM6Sbzg4CausW/PKQ=="
    },
    "loose-envify": {
      "version": "1.4.0",
      "resolved": "https://registry.npmjs.org/loose-envify/-/loose-envify-1.4.0.tgz",
      "integrity": "sha512-lyuxPGr/Wfhrlem2CL/UcnUc1zcqKAImBDzukY7Y5F/yQiNdko6+fRLevlw1HgMySw7f611UIY408EtxRSoK3Q==",
      "requires": {
        "js-tokens": "^3.0.0 || ^4.0.0"
      }
    },
    "nanoid": {
      "version": "3.3.4",
      "resolved": "https://registry.npmjs.org/nanoid/-/nanoid-3.3.4.tgz",
      "integrity": "sha512-MqBkQh/OHTS2egovRtLk45wEyNXwF+cokD+1YPf9u5VfJiRdAiRwB2froX5Co9Rh20xs4siNPm8naNotSD6RBw=="
    },
    "next": {
      "version": "13.2.2",
      "resolved": "https://registry.npmjs.org/next/-/next-13.2.2.tgz",
      "integrity": "sha512-dDKfGBqSxqmqx5WN9tDFg0uGUkD/LGUxR29tpe8AEmo2SwfbPWf04qyvDcKmpjt2fCzP4132BvFRZFlg+11kGw==",
      "requires": {
        "@next/env": "13.2.2",
        "@next/swc-android-arm-eabi": "13.2.2",
        "@next/swc-android-arm64": "13.2.2",
        "@next/swc-darwin-arm64": "13.2.2",
        "@next/swc-darwin-x64": "13.2.2",
        "@next/swc-freebsd-x64": "13.2.2",
        "@next/swc-linux-arm-gnueabihf": "13.2.2",
        "@next/swc-linux-arm64-gnu": "13.2.2",
        "@next/swc-linux-arm64-musl": "13.2.2",
        "@next/swc-linux-x64-gnu": "13.2.2",
        "@next/swc-linux-x64-musl": "13.2.2",
        "@next/swc-win32-arm64-msvc": "13.2.2",
        "@next/swc-win32-ia32-msvc": "13.2.2",
        "@next/swc-win32-x64-msvc": "13.2.2",
        "@swc/helpers": "0.4.14",
        "caniuse-lite": "^1.0.30001406",
        "postcss": "8.4.14",
        "styled-jsx": "5.1.1"
      }
    },
    "picocolors": {
      "version": "1.0.0",
      "resolved": "https://registry.npmjs.org/picocolors/-/picocolors-1.0.0.tgz",
      "integrity": "sha512-1fygroTLlHu66zi26VoTDv8yRgm0Fccecssto+MhsZ0D/DGW2sm8E8AjW7NU5VVTRt5GxbeZ5qBuJr+HyLYkjQ=="
    },
    "postcss": {
      "version": "8.4.14",
      "resolved": "https://registry.npmjs.org/postcss/-/postcss-8.4.14.tgz",
      "integrity": "sha512-E398TUmfAYFPBSdzgeieK2Y1+1cpdxJx8yXbK/m57nRhKSmk1GB2tO4lbLBtlkfPQTDKfe4Xqv1ASWPpayPEig==",
      "requires": {
        "nanoid": "^3.3.4",
        "picocolors": "^1.0.0",
        "source-map-js": "^1.0.2"
      }
    },
    "react": {
      "version": "18.2.0",
      "resolved": "https://registry.npmjs.org/react/-/react-18.2.0.tgz",
      "integrity": "sha512-/3IjMdb2L9QbBdWiW5e3P2/npwMBaU9mHCSCUzNln0ZCYbcfTsGbTJrU/kGemdH2IWmB2ioZ+zkxtmq6g09fGQ==",
      "requires": {
        "loose-envify": "^1.1.0"
      }
    },
    "react-dom": {
      "version": "18.2.0",
      "resolved": "https://registry.npmjs.org/react-dom/-/react-dom-18.2.0.tgz",
      "integrity": "sha512-6IMTriUmvsjHUjNtEDudZfuDQUoWXVxKHhlEGSk81n4YFS+r/Kl99wXiwlVXtPBtJenozv2P+hxDsw9eA7Xo6g==",
      "requires": {
        "loose-envify": "^1.1.0",
        "scheduler": "^0.23.0"
      }
    },
    "scheduler": {
      "version": "0.23.0",
      "resolved": "https://registry.npmjs.org/scheduler/-/scheduler-0.23.0.tgz",
      "integrity": "sha512-CtuThmgHNg7zIZWAXi3AsyIzA3n4xx7aNyjwC2VJldO2LMVDhFK+63xGqq6CsJH4rTAt6/M+N4GhZiDYPx9eUw==",
      "requires": {
        "loose-envify": "^1.1.0"
      }
    },
    "source-map-js": {
      "version": "1.0.2",
      "resolved": "https://registry.npmjs.org/source-map-js/-/source-map-js-1.0.2.tgz",
      "integrity": "sha512-R0XvVJ9WusLiqTCEiGCmICCMplcCkIwwR11mOSD9CR5u+IXYdiseeEuXCVAjS54zqwkLcPNnmU4OeJ6tUrWhDw=="
    },
    "styled-jsx": {
      "version": "5.1.1",
      "resolved": "https://registry.npmjs.org/styled-jsx/-/styled-jsx-5.1.1.tgz",
      "integrity": "sha512-pW7uC1l4mBZ8ugbiZrcIsiIvVx1UmTfw7UkC3Um2tmfUq9Bhk8IiyEIPl6F8agHgjzku6j0xQEZbfA5uSgSaCw==",
      "requires": {
        "client-only": "0.0.1"
      }
    },
    "tslib": {
      "version": "2.5.0",
      "resolved": "https://registry.npmjs.org/tslib/-/tslib-2.5.0.tgz",
      "integrity": "sha512-336iVw3rtn2BUK7ORdIAHTyxHGRIHVReokCR3XjbckJMK7ms8FysBfhLR8IXnAgy7T0PTPNBWKiH514FOW/WSg=="
    }
  }
}
